// !$*UTF8*$!
{
	archiveVersion = 1;
	classes = {
	};
	objectVersion = 46;
	objects = {

/* Begin PBXBuildFile section */
		A61047C2C09B2ADB9ECC2CDF /* libPods.a in Frameworks */ = {isa = PBXBuildFile; fileRef = A16199B3C5652A633DC80B20 /* libPods.a */; };
		C430D4431C8C6355005BDD78 /* GameStartViewController.swift in Sources */ = {isa = PBXBuildFile; fileRef = C430D4421C8C6355005BDD78 /* GameStartViewController.swift */; };
		C4D5ABBE1C8C420800A4B582 /* AppDelegate.swift in Sources */ = {isa = PBXBuildFile; fileRef = C4D5ABBD1C8C420800A4B582 /* AppDelegate.swift */; };
		C4D5ABC01C8C420800A4B582 /* ViewController.swift in Sources */ = {isa = PBXBuildFile; fileRef = C4D5ABBF1C8C420800A4B582 /* ViewController.swift */; };
		C4D5ABC31C8C420800A4B582 /* Main.storyboard in Resources */ = {isa = PBXBuildFile; fileRef = C4D5ABC11C8C420800A4B582 /* Main.storyboard */; };
		C4D5ABC51C8C420800A4B582 /* Assets.xcassets in Resources */ = {isa = PBXBuildFile; fileRef = C4D5ABC41C8C420800A4B582 /* Assets.xcassets */; };
		C4D5ABC81C8C420800A4B582 /* LaunchScreen.storyboard in Resources */ = {isa = PBXBuildFile; fileRef = C4D5ABC61C8C420800A4B582 /* LaunchScreen.storyboard */; };
		C4D5ABD31C8C420800A4B582 /* WordWolfTests.swift in Sources */ = {isa = PBXBuildFile; fileRef = C4D5ABD21C8C420800A4B582 /* WordWolfTests.swift */; };
		C4D5ABDE1C8C420800A4B582 /* WordWolfUITests.swift in Sources */ = {isa = PBXBuildFile; fileRef = C4D5ABDD1C8C420800A4B582 /* WordWolfUITests.swift */; };
		C4D5ABEC1C8C431300A4B582 /* MenuViewController.swift in Sources */ = {isa = PBXBuildFile; fileRef = C4D5ABEB1C8C431300A4B582 /* MenuViewController.swift */; };
		C4FE01BF1C8C5510005128B1 /* GameSettings.swift in Sources */ = {isa = PBXBuildFile; fileRef = C4FE01BE1C8C5510005128B1 /* GameSettings.swift */; };
/* End PBXBuildFile section */

/* Begin PBXContainerItemProxy section */
		C4D5ABCF1C8C420800A4B582 /* PBXContainerItemProxy */ = {
			isa = PBXContainerItemProxy;
			containerPortal = C4D5ABB21C8C420800A4B582 /* Project object */;
			proxyType = 1;
			remoteGlobalIDString = C4D5ABB91C8C420800A4B582;
			remoteInfo = WordWolf;
		};
		C4D5ABDA1C8C420800A4B582 /* PBXContainerItemProxy */ = {
			isa = PBXContainerItemProxy;
			containerPortal = C4D5ABB21C8C420800A4B582 /* Project object */;
			proxyType = 1;
			remoteGlobalIDString = C4D5ABB91C8C420800A4B582;
			remoteInfo = WordWolf;
		};
/* End PBXContainerItemProxy section */

/* Begin PBXFileReference section */
		15EFE1A6996E24047163D5F4 /* Pods.debug.xcconfig */ = {isa = PBXFileReference; includeInIndex = 1; lastKnownFileType = text.xcconfig; name = Pods.debug.xcconfig; path = "Pods/Target Support Files/Pods/Pods.debug.xcconfig"; sourceTree = "<group>"; };
		3D9B0CA92593FCE08C9E7CFD /* Pods.release.xcconfig */ = {isa = PBXFileReference; includeInIndex = 1; lastKnownFileType = text.xcconfig; name = Pods.release.xcconfig; path = "Pods/Target Support Files/Pods/Pods.release.xcconfig"; sourceTree = "<group>"; };
		A16199B3C5652A633DC80B20 /* libPods.a */ = {isa = PBXFileReference; explicitFileType = archive.ar; includeInIndex = 0; path = libPods.a; sourceTree = BUILT_PRODUCTS_DIR; };
		C430D4421C8C6355005BDD78 /* GameStartViewController.swift */ = {isa = PBXFileReference; fileEncoding = 4; lastKnownFileType = sourcecode.swift; path = GameStartViewController.swift; sourceTree = "<group>"; };
		C4D5ABBA1C8C420800A4B582 /* WordWolf.app */ = {isa = PBXFileReference; explicitFileType = wrapper.application; includeInIndex = 0; path = WordWolf.app; sourceTree = BUILT_PRODUCTS_DIR; };
		C4D5ABBD1C8C420800A4B582 /* AppDelegate.swift */ = {isa = PBXFileReference; lastKnownFileType = sourcecode.swift; path = AppDelegate.swift; sourceTree = "<group>"; };
		C4D5ABBF1C8C420800A4B582 /* ViewController.swift */ = {isa = PBXFileReference; lastKnownFileType = sourcecode.swift; path = ViewController.swift; sourceTree = "<group>"; };
		C4D5ABC21C8C420800A4B582 /* Base */ = {isa = PBXFileReference; lastKnownFileType = file.storyboard; name = Base; path = Base.lproj/Main.storyboard; sourceTree = "<group>"; };
		C4D5ABC41C8C420800A4B582 /* Assets.xcassets */ = {isa = PBXFileReference; lastKnownFileType = folder.assetcatalog; path = Assets.xcassets; sourceTree = "<group>"; };
		C4D5ABC71C8C420800A4B582 /* Base */ = {isa = PBXFileReference; lastKnownFileType = file.storyboard; name = Base; path = Base.lproj/LaunchScreen.storyboard; sourceTree = "<group>"; };
		C4D5ABC91C8C420800A4B582 /* Info.plist */ = {isa = PBXFileReference; lastKnownFileType = text.plist.xml; path = Info.plist; sourceTree = "<group>"; };
		C4D5ABCE1C8C420800A4B582 /* WordWolfTests.xctest */ = {isa = PBXFileReference; explicitFileType = wrapper.cfbundle; includeInIndex = 0; path = WordWolfTests.xctest; sourceTree = BUILT_PRODUCTS_DIR; };
		C4D5ABD21C8C420800A4B582 /* WordWolfTests.swift */ = {isa = PBXFileReference; lastKnownFileType = sourcecode.swift; path = WordWolfTests.swift; sourceTree = "<group>"; };
		C4D5ABD41C8C420800A4B582 /* Info.plist */ = {isa = PBXFileReference; lastKnownFileType = text.plist.xml; path = Info.plist; sourceTree = "<group>"; };
		C4D5ABD91C8C420800A4B582 /* WordWolfUITests.xctest */ = {isa = PBXFileReference; explicitFileType = wrapper.cfbundle; includeInIndex = 0; path = WordWolfUITests.xctest; sourceTree = BUILT_PRODUCTS_DIR; };
		C4D5ABDD1C8C420800A4B582 /* WordWolfUITests.swift */ = {isa = PBXFileReference; lastKnownFileType = sourcecode.swift; path = WordWolfUITests.swift; sourceTree = "<group>"; };
		C4D5ABDF1C8C420800A4B582 /* Info.plist */ = {isa = PBXFileReference; lastKnownFileType = text.plist.xml; path = Info.plist; sourceTree = "<group>"; };
		C4D5ABEB1C8C431300A4B582 /* MenuViewController.swift */ = {isa = PBXFileReference; fileEncoding = 4; lastKnownFileType = sourcecode.swift; path = MenuViewController.swift; sourceTree = "<group>"; };
		C4FE01BE1C8C5510005128B1 /* GameSettings.swift */ = {isa = PBXFileReference; fileEncoding = 4; lastKnownFileType = sourcecode.swift; path = GameSettings.swift; sourceTree = "<group>"; };
/* End PBXFileReference section */

/* Begin PBXFrameworksBuildPhase section */
		C4D5ABB71C8C420800A4B582 /* Frameworks */ = {
			isa = PBXFrameworksBuildPhase;
			buildActionMask = 2147483647;
			files = (
				A61047C2C09B2ADB9ECC2CDF /* libPods.a in Frameworks */,
			);
			runOnlyForDeploymentPostprocessing = 0;
		};
		C4D5ABCB1C8C420800A4B582 /* Frameworks */ = {
			isa = PBXFrameworksBuildPhase;
			buildActionMask = 2147483647;
			files = (
			);
			runOnlyForDeploymentPostprocessing = 0;
		};
		C4D5ABD61C8C420800A4B582 /* Frameworks */ = {
			isa = PBXFrameworksBuildPhase;
			buildActionMask = 2147483647;
			files = (
			);
			runOnlyForDeploymentPostprocessing = 0;
		};
/* End PBXFrameworksBuildPhase section */

/* Begin PBXGroup section */
		8925B7FED32D32516D5083FC /* Frameworks */ = {
			isa = PBXGroup;
			children = (
				A16199B3C5652A633DC80B20 /* libPods.a */,
			);
			name = Frameworks;
			sourceTree = "<group>";
		};
		C4D5ABB11C8C420800A4B582 = {
			isa = PBXGroup;
			children = (
				C4D5ABBC1C8C420800A4B582 /* WordWolf */,
				C4D5ABD11C8C420800A4B582 /* WordWolfTests */,
				C4D5ABDC1C8C420800A4B582 /* WordWolfUITests */,
				C4D5ABBB1C8C420800A4B582 /* Products */,
				EB535E35FB211A9F4985292B /* Pods */,
				8925B7FED32D32516D5083FC /* Frameworks */,
			);
			sourceTree = "<group>";
		};
		C4D5ABBB1C8C420800A4B582 /* Products */ = {
			isa = PBXGroup;
			children = (
				C4D5ABBA1C8C420800A4B582 /* WordWolf.app */,
				C4D5ABCE1C8C420800A4B582 /* WordWolfTests.xctest */,
				C4D5ABD91C8C420800A4B582 /* WordWolfUITests.xctest */,
			);
			name = Products;
			sourceTree = "<group>";
		};
		C4D5ABBC1C8C420800A4B582 /* WordWolf */ = {
			isa = PBXGroup;
			children = (
				C4D5ABBD1C8C420800A4B582 /* AppDelegate.swift */,
				C4D5ABBF1C8C420800A4B582 /* ViewController.swift */,
				C4D5ABC11C8C420800A4B582 /* Main.storyboard */,
				C4D5ABC41C8C420800A4B582 /* Assets.xcassets */,
				C4D5ABC61C8C420800A4B582 /* LaunchScreen.storyboard */,
				C4D5ABC91C8C420800A4B582 /* Info.plist */,
				C4D5ABEB1C8C431300A4B582 /* MenuViewController.swift */,
				C4FE01BE1C8C5510005128B1 /* GameSettings.swift */,
				C430D4421C8C6355005BDD78 /* GameStartViewController.swift */,
			);
			path = WordWolf;
			sourceTree = "<group>";
		};
		C4D5ABD11C8C420800A4B582 /* WordWolfTests */ = {
			isa = PBXGroup;
			children = (
				C4D5ABD21C8C420800A4B582 /* WordWolfTests.swift */,
				C4D5ABD41C8C420800A4B582 /* Info.plist */,
			);
			path = WordWolfTests;
			sourceTree = "<group>";
		};
		C4D5ABDC1C8C420800A4B582 /* WordWolfUITests */ = {
			isa = PBXGroup;
			children = (
				C4D5ABDD1C8C420800A4B582 /* WordWolfUITests.swift */,
				C4D5ABDF1C8C420800A4B582 /* Info.plist */,
			);
			path = WordWolfUITests;
			sourceTree = "<group>";
		};
		EB535E35FB211A9F4985292B /* Pods */ = {
			isa = PBXGroup;
			children = (
				15EFE1A6996E24047163D5F4 /* Pods.debug.xcconfig */,
				3D9B0CA92593FCE08C9E7CFD /* Pods.release.xcconfig */,
			);
			name = Pods;
			sourceTree = "<group>";
		};
/* End PBXGroup section */

/* Begin PBXNativeTarget section */
		C4D5ABB91C8C420800A4B582 /* WordWolf */ = {
			isa = PBXNativeTarget;
			buildConfigurationList = C4D5ABE21C8C420800A4B582 /* Build configuration list for PBXNativeTarget "WordWolf" */;
			buildPhases = (
				5F0A33F2C7180CDD4ED26071 /* Check Pods Manifest.lock */,
				C4D5ABB61C8C420800A4B582 /* Sources */,
				C4D5ABB71C8C420800A4B582 /* Frameworks */,
				C4D5ABB81C8C420800A4B582 /* Resources */,
				A21812F7107B7DEA67E4613E /* Embed Pods Frameworks */,
				74C7ABE839FCF0462EC3EBF1 /* Copy Pods Resources */,
			);
			buildRules = (
			);
			dependencies = (
			);
			name = WordWolf;
			productName = WordWolf;
			productReference = C4D5ABBA1C8C420800A4B582 /* WordWolf.app */;
			productType = "com.apple.product-type.application";
		};
		C4D5ABCD1C8C420800A4B582 /* WordWolfTests */ = {
			isa = PBXNativeTarget;
			buildConfigurationList = C4D5ABE51C8C420800A4B582 /* Build configuration list for PBXNativeTarget "WordWolfTests" */;
			buildPhases = (
				C4D5ABCA1C8C420800A4B582 /* Sources */,
				C4D5ABCB1C8C420800A4B582 /* Frameworks */,
				C4D5ABCC1C8C420800A4B582 /* Resources */,
			);
			buildRules = (
			);
			dependencies = (
				C4D5ABD01C8C420800A4B582 /* PBXTargetDependency */,
			);
			name = WordWolfTests;
			productName = WordWolfTests;
			productReference = C4D5ABCE1C8C420800A4B582 /* WordWolfTests.xctest */;
			productType = "com.apple.product-type.bundle.unit-test";
		};
		C4D5ABD81C8C420800A4B582 /* WordWolfUITests */ = {
			isa = PBXNativeTarget;
			buildConfigurationList = C4D5ABE81C8C420800A4B582 /* Build configuration list for PBXNativeTarget "WordWolfUITests" */;
			buildPhases = (
				C4D5ABD51C8C420800A4B582 /* Sources */,
				C4D5ABD61C8C420800A4B582 /* Frameworks */,
				C4D5ABD71C8C420800A4B582 /* Resources */,
			);
			buildRules = (
			);
			dependencies = (
				C4D5ABDB1C8C420800A4B582 /* PBXTargetDependency */,
			);
			name = WordWolfUITests;
			productName = WordWolfUITests;
			productReference = C4D5ABD91C8C420800A4B582 /* WordWolfUITests.xctest */;
			productType = "com.apple.product-type.bundle.ui-testing";
		};
/* End PBXNativeTarget section */

/* Begin PBXProject section */
		C4D5ABB21C8C420800A4B582 /* Project object */ = {
			isa = PBXProject;
			attributes = {
				LastSwiftUpdateCheck = 0720;
				LastUpgradeCheck = 0720;
				ORGANIZATIONNAME = popota;
				TargetAttributes = {
					C4D5ABB91C8C420800A4B582 = {
						CreatedOnToolsVersion = 7.2.1;
						DevelopmentTeam = 4QQHRA372Z;
					};
					C4D5ABCD1C8C420800A4B582 = {
						CreatedOnToolsVersion = 7.2.1;
						DevelopmentTeam = 4QQHRA372Z;
						TestTargetID = C4D5ABB91C8C420800A4B582;
					};
					C4D5ABD81C8C420800A4B582 = {
						CreatedOnToolsVersion = 7.2.1;
						DevelopmentTeam = 4QQHRA372Z;
						TestTargetID = C4D5ABB91C8C420800A4B582;
					};
				};
			};
			buildConfigurationList = C4D5ABB51C8C420800A4B582 /* Build configuration list for PBXProject "WordWolf" */;
			compatibilityVersion = "Xcode 3.2";
			developmentRegion = English;
			hasScannedForEncodings = 0;
			knownRegions = (
				en,
				Base,
			);
			mainGroup = C4D5ABB11C8C420800A4B582;
			productRefGroup = C4D5ABBB1C8C420800A4B582 /* Products */;
			projectDirPath = "";
			projectRoot = "";
			targets = (
				C4D5ABB91C8C420800A4B582 /* WordWolf */,
				C4D5ABCD1C8C420800A4B582 /* WordWolfTests */,
				C4D5ABD81C8C420800A4B582 /* WordWolfUITests */,
			);
		};
/* End PBXProject section */

/* Begin PBXResourcesBuildPhase section */
		C4D5ABB81C8C420800A4B582 /* Resources */ = {
			isa = PBXResourcesBuildPhase;
			buildActionMask = 2147483647;
			files = (
				C4D5ABC81C8C420800A4B582 /* LaunchScreen.storyboard in Resources */,
				C4D5ABC51C8C420800A4B582 /* Assets.xcassets in Resources */,
				C4D5ABC31C8C420800A4B582 /* Main.storyboard in Resources */,
			);
			runOnlyForDeploymentPostprocessing = 0;
		};
		C4D5ABCC1C8C420800A4B582 /* Resources */ = {
			isa = PBXResourcesBuildPhase;
			buildActionMask = 2147483647;
			files = (
			);
			runOnlyForDeploymentPostprocessing = 0;
		};
		C4D5ABD71C8C420800A4B582 /* Resources */ = {
			isa = PBXResourcesBuildPhase;
			buildActionMask = 2147483647;
			files = (
			);
			runOnlyForDeploymentPostprocessing = 0;
		};
/* End PBXResourcesBuildPhase section */

/* Begin PBXShellScriptBuildPhase section */
		5F0A33F2C7180CDD4ED26071 /* Check Pods Manifest.lock */ = {
			isa = PBXShellScriptBuildPhase;
			buildActionMask = 2147483647;
			files = (
			);
			inputPaths = (
			);
			name = "Check Pods Manifest.lock";
			outputPaths = (
			);
			runOnlyForDeploymentPostprocessing = 0;
			shellPath = /bin/sh;
			shellScript = "diff \"${PODS_ROOT}/../Podfile.lock\" \"${PODS_ROOT}/Manifest.lock\" > /dev/null\nif [[ $? != 0 ]] ; then\n    cat << EOM\nerror: The sandbox is not in sync with the Podfile.lock. Run 'pod install' or update your CocoaPods installation.\nEOM\n    exit 1\nfi\n";
			showEnvVarsInLog = 0;
		};
		74C7ABE839FCF0462EC3EBF1 /* Copy Pods Resources */ = {
			isa = PBXShellScriptBuildPhase;
			buildActionMask = 2147483647;
			files = (
			);
			inputPaths = (
			);
			name = "Copy Pods Resources";
			outputPaths = (
			);
			runOnlyForDeploymentPostprocessing = 0;
			shellPath = /bin/sh;
			shellScript = "\"${SRCROOT}/Pods/Target Support Files/Pods/Pods-resources.sh\"\n";
			showEnvVarsInLog = 0;
		};
		A21812F7107B7DEA67E4613E /* Embed Pods Frameworks */ = {
			isa = PBXShellScriptBuildPhase;
			buildActionMask = 2147483647;
			files = (
			);
			inputPaths = (
			);
			name = "Embed Pods Frameworks";
			outputPaths = (
			);
			runOnlyForDeploymentPostprocessing = 0;
			shellPath = /bin/sh;
			shellScript = "\"${SRCROOT}/Pods/Target Support Files/Pods/Pods-frameworks.sh\"\n";
			showEnvVarsInLog = 0;
		};
/* End PBXShellScriptBuildPhase section */

/* Begin PBXSourcesBuildPhase section */
		C4D5ABB61C8C420800A4B582 /* Sources */ = {
			isa = PBXSourcesBuildPhase;
			buildActionMask = 2147483647;
			files = (
				C4FE01BF1C8C5510005128B1 /* GameSettings.swift in Sources */,
				C4D5ABC01C8C420800A4B582 /* ViewController.swift in Sources */,
				C4D5ABEC1C8C431300A4B582 /* MenuViewController.swift in Sources */,
				C4D5ABBE1C8C420800A4B582 /* AppDelegate.swift in Sources */,
				C430D4431C8C6355005BDD78 /* GameStartViewController.swift in Sources */,
			);
			runOnlyForDeploymentPostprocessing = 0;
		};
		C4D5ABCA1C8C420800A4B582 /* Sources */ = {
			isa = PBXSourcesBuildPhase;
			buildActionMask = 2147483647;
			files = (
				C4D5ABD31C8C420800A4B582 /* WordWolfTests.swift in Sources */,
			);
			runOnlyForDeploymentPostprocessing = 0;
		};
		C4D5ABD51C8C420800A4B582 /* Sources */ = {
			isa = PBXSourcesBuildPhase;
			buildActionMask = 2147483647;
			files = (
				C4D5ABDE1C8C420800A4B582 /* WordWolfUITests.swift in Sources */,
			);
			runOnlyForDeploymentPostprocessing = 0;
		};
/* End PBXSourcesBuildPhase section */

/* Begin PBXTargetDependency section */
		C4D5ABD01C8C420800A4B582 /* PBXTargetDependency */ = {
			isa = PBXTargetDependency;
			target = C4D5ABB91C8C420800A4B582 /* WordWolf */;
			targetProxy = C4D5ABCF1C8C420800A4B582 /* PBXContainerItemProxy */;
		};
		C4D5ABDB1C8C420800A4B582 /* PBXTargetDependency */ = {
			isa = PBXTargetDependency;
			target = C4D5ABB91C8C420800A4B582 /* WordWolf */;
			targetProxy = C4D5ABDA1C8C420800A4B582 /* PBXContainerItemProxy */;
		};
/* End PBXTargetDependency section */

/* Begin PBXVariantGroup section */
		C4D5ABC11C8C420800A4B582 /* Main.storyboard */ = {
			isa = PBXVariantGroup;
			children = (
				C4D5ABC21C8C420800A4B582 /* Base */,
			);
			name = Main.storyboard;
			sourceTree = "<group>";
		};
		C4D5ABC61C8C420800A4B582 /* LaunchScreen.storyboard */ = {
			isa = PBXVariantGroup;
			children = (
				C4D5ABC71C8C420800A4B582 /* Base */,
			);
			name = LaunchScreen.storyboard;
			sourceTree = "<group>";
		};
/* End PBXVariantGroup section */

/* Begin XCBuildConfiguration section */
		C4D5ABE01C8C420800A4B582 /* Debug */ = {
			isa = XCBuildConfiguration;
			buildSettings = {
				ALWAYS_SEARCH_USER_PATHS = NO;
				CLANG_CXX_LANGUAGE_STANDARD = "gnu++0x";
				CLANG_CXX_LIBRARY = "libc++";
				CLANG_ENABLE_MODULES = YES;
				CLANG_ENABLE_OBJC_ARC = YES;
				CLANG_WARN_BOOL_CONVERSION = YES;
				CLANG_WARN_CONSTANT_CONVERSION = YES;
				CLANG_WARN_DIRECT_OBJC_ISA_USAGE = YES_ERROR;
				CLANG_WARN_EMPTY_BODY = YES;
				CLANG_WARN_ENUM_CONVERSION = YES;
				CLANG_WARN_INT_CONVERSION = YES;
				CLANG_WARN_OBJC_ROOT_CLASS = YES_ERROR;
				CLANG_WARN_UNREACHABLE_CODE = YES;
				CLANG_WARN__DUPLICATE_METHOD_MATCH = YES;
				"CODE_SIGN_IDENTITY[sdk=iphoneos*]" = "iPhone Developer";
				COPY_PHASE_STRIP = NO;
				DEBUG_INFORMATION_FORMAT = dwarf;
				ENABLE_STRICT_OBJC_MSGSEND = YES;
				ENABLE_TESTABILITY = YES;
				GCC_C_LANGUAGE_STANDARD = gnu99;
				GCC_DYNAMIC_NO_PIC = NO;
				GCC_NO_COMMON_BLOCKS = YES;
				GCC_OPTIMIZATION_LEVEL = 0;
				GCC_PREPROCESSOR_DEFINITIONS = (
					"DEBUG=1",
					"$(inherited)",
				);
				GCC_WARN_64_TO_32_BIT_CONVERSION = YES;
				GCC_WARN_ABOUT_RETURN_TYPE = YES_ERROR;
				GCC_WARN_UNDECLARED_SELECTOR = YES;
				GCC_WARN_UNINITIALIZED_AUTOS = YES_AGGRESSIVE;
				GCC_WARN_UNUSED_FUNCTION = YES;
				GCC_WARN_UNUSED_VARIABLE = YES;
				IPHONEOS_DEPLOYMENT_TARGET = 9.2;
				MTL_ENABLE_DEBUG_INFO = YES;
				ONLY_ACTIVE_ARCH = YES;
				SDKROOT = iphoneos;
				SWIFT_OPTIMIZATION_LEVEL = "-Onone";
			};
			name = Debug;
		};
		C4D5ABE11C8C420800A4B582 /* Release */ = {
			isa = XCBuildConfiguration;
			buildSettings = {
				ALWAYS_SEARCH_USER_PATHS = NO;
				CLANG_CXX_LANGUAGE_STANDARD = "gnu++0x";
				CLANG_CXX_LIBRARY = "libc++";
				CLANG_ENABLE_MODULES = YES;
				CLANG_ENABLE_OBJC_ARC = YES;
				CLANG_WARN_BOOL_CONVERSION = YES;
				CLANG_WARN_CONSTANT_CONVERSION = YES;
				CLANG_WARN_DIRECT_OBJC_ISA_USAGE = YES_ERROR;
				CLANG_WARN_EMPTY_BODY = YES;
				CLANG_WARN_ENUM_CONVERSION = YES;
				CLANG_WARN_INT_CONVERSION = YES;
				CLANG_WARN_OBJC_ROOT_CLASS = YES_ERROR;
				CLANG_WARN_UNREACHABLE_CODE = YES;
				CLANG_WARN__DUPLICATE_METHOD_MATCH = YES;
				"CODE_SIGN_IDENTITY[sdk=iphoneos*]" = "iPhone Developer";
				COPY_PHASE_STRIP = NO;
				DEBUG_INFORMATION_FORMAT = "dwarf-with-dsym";
				ENABLE_NS_ASSERTIONS = NO;
				ENABLE_STRICT_OBJC_MSGSEND = YES;
				GCC_C_LANGUAGE_STANDARD = gnu99;
				GCC_NO_COMMON_BLOCKS = YES;
				GCC_WARN_64_TO_32_BIT_CONVERSION = YES;
				GCC_WARN_ABOUT_RETURN_TYPE = YES_ERROR;
				GCC_WARN_UNDECLARED_SELECTOR = YES;
				GCC_WARN_UNINITIALIZED_AUTOS = YES_AGGRESSIVE;
				GCC_WARN_UNUSED_FUNCTION = YES;
				GCC_WARN_UNUSED_VARIABLE = YES;
				IPHONEOS_DEPLOYMENT_TARGET = 9.2;
				MTL_ENABLE_DEBUG_INFO = NO;
				SDKROOT = iphoneos;
				VALIDATE_PRODUCT = YES;
			};
			name = Release;
		};
		C4D5ABE31C8C420800A4B582 /* Debug */ = {
			isa = XCBuildConfiguration;
			baseConfigurationReference = 15EFE1A6996E24047163D5F4 /* Pods.debug.xcconfig */;
			buildSettings = {
				ASSETCATALOG_COMPILER_APPICON_NAME = AppIcon;
				INFOPLIST_FILE = WordWolf/Info.plist;
				LD_RUNPATH_SEARCH_PATHS = "$(inherited) @executable_path/Frameworks";
				PRODUCT_BUNDLE_IDENTIFIER = jp.co.popota.WordWolf;
				PRODUCT_NAME = "$(TARGET_NAME)";
				TARGETED_DEVICE_FAMILY = "1,2";
			};
			name = Debug;
		};
		C4D5ABE41C8C420800A4B582 /* Release */ = {
			isa = XCBuildConfiguration;
			baseConfigurationReference = 3D9B0CA92593FCE08C9E7CFD /* Pods.release.xcconfig */;
			buildSettings = {
				ASSETCATALOG_COMPILER_APPICON_NAME = AppIcon;
				INFOPLIST_FILE = WordWolf/Info.plist;
				LD_RUNPATH_SEARCH_PATHS = "$(inherited) @executable_path/Frameworks";
				PRODUCT_BUNDLE_IDENTIFIER = jp.co.popota.WordWolf;
				PRODUCT_NAME = "$(TARGET_NAME)";
				TARGETED_DEVICE_FAMILY = "1,2";
			};
			name = Release;
		};
		C4D5ABE61C8C420800A4B582 /* Debug */ = {
			isa = XCBuildConfiguration;
			buildSettings = {
				BUNDLE_LOADER = "$(TEST_HOST)";
				INFOPLIST_FILE = WordWolfTests/Info.plist;
				LD_RUNPATH_SEARCH_PATHS = "$(inherited) @executable_path/Frameworks @loader_path/Frameworks";
				PRODUCT_BUNDLE_IDENTIFIER = jp.co.popota.WordWolfTests;
				PRODUCT_NAME = "$(TARGET_NAME)";
				TEST_HOST = "$(BUILT_PRODUCTS_DIR)/WordWolf.app/WordWolf";
			};
			name = Debug;
		};
		C4D5ABE71C8C420800A4B582 /* Release */ = {
			isa = XCBuildConfiguration;
			buildSettings = {
				BUNDLE_LOADER = "$(TEST_HOST)";
				INFOPLIST_FILE = WordWolfTests/Info.plist;
				LD_RUNPATH_SEARCH_PATHS = "$(inherited) @executable_path/Frameworks @loader_path/Frameworks";
				PRODUCT_BUNDLE_IDENTIFIER = jp.co.popota.WordWolfTests;
				PRODUCT_NAME = "$(TARGET_NAME)";
				TEST_HOST = "$(BUILT_PRODUCTS_DIR)/WordWolf.app/WordWolf";
			};
			name = Release;
		};
		C4D5ABE91C8C420800A4B582 /* Debug */ = {
			isa = XCBuildConfiguration;
			buildSettings = {
				INFOPLIST_FILE = WordWolfUITests/Info.plist;
				LD_RUNPATH_SEARCH_PATHS = "$(inherited) @executable_path/Frameworks @loader_path/Frameworks";
				PRODUCT_BUNDLE_IDENTIFIER = jp.co.popota.WordWolfUITests;
				PRODUCT_NAME = "$(TARGET_NAME)";
				TEST_TARGET_NAME = WordWolf;
				USES_XCTRUNNER = YES;
			};
			name = Debug;
		};
		C4D5ABEA1C8C420800A4B582 /* Release */ = {
			isa = XCBuildConfiguration;
			buildSettings = {
				INFOPLIST_FILE = WordWolfUITests/Info.plist;
				LD_RUNPATH_SEARCH_PATHS = "$(inherited) @executable_path/Frameworks @loader_path/Frameworks";
				PRODUCT_BUNDLE_IDENTIFIER = jp.co.popota.WordWolfUITests;
				PRODUCT_NAME = "$(TARGET_NAME)";
				TEST_TARGET_NAME = WordWolf;
				USES_XCTRUNNER = YES;
			};
			name = Release;
		};
/* End XCBuildConfiguration section */

/* Begin XCConfigurationList section */
		C4D5ABB51C8C420800A4B582 /* Build configuration list for PBXProject "WordWolf" */ = {
			isa = XCConfigurationList;
			buildConfigurations = (
				C4D5ABE01C8C420800A4B582 /* Debug */,
				C4D5ABE11C8C420800A4B582 /* Release */,
			);
			defaultConfigurationIsVisible = 0;
			defaultConfigurationName = Release;
		};
		C4D5ABE21C8C420800A4B582 /* Build configuration list for PBXNativeTarget "WordWolf" */ = {
			isa = XCConfigurationList;
			buildConfigurations = (
				C4D5ABE31C8C420800A4B582 /* Debug */,
				C4D5ABE41C8C420800A4B582 /* Release */,
			);
			defaultConfigurationIsVisible = 0;
			defaultConfigurationName = Release;
		};
		C4D5ABE51C8C420800A4B582 /* Build configuration list for PBXNativeTarget "WordWolfTests" */ = {
			isa = XCConfigurationList;
			buildConfigurations = (
				C4D5ABE61C8C420800A4B582 /* Debug */,
				C4D5ABE71C8C420800A4B582 /* Release */,
			);
			defaultConfigurationIsVisible = 0;
			defaultConfigurationName = Release;
		};
		C4D5ABE81C8C420800A4B582 /* Build configuration list for PBXNativeTarget "WordWolfUITests" */ = {
			isa = XCConfigurationList;
			buildConfigurations = (
				C4D5ABE91C8C420800A4B582 /* Debug */,
				C4D5ABEA1C8C420800A4B582 /* Release */,
			);
			defaultConfigurationIsVisible = 0;
			defaultConfigurationName = Release;
		};
/* End XCConfigurationList section */
	};
	rootObject = C4D5ABB21C8C420800A4B582 /* Project object */;
}
