// !$*UTF8*$!
{
	archiveVersion = 1;
	classes = {
	};
	objectVersion = 46;
	objects = {

/* Begin PBXBuildFile section */
		C4FC140C1C65BB8C00669521 /* AppDelegate.swift in Sources */ = {isa = PBXBuildFile; fileRef = C4FC140B1C65BB8C00669521 /* AppDelegate.swift */; };
		C4FC140E1C65BB8C00669521 /* ViewController.swift in Sources */ = {isa = PBXBuildFile; fileRef = C4FC140D1C65BB8C00669521 /* ViewController.swift */; };
		C4FC14111C65BB8C00669521 /* Main.storyboard in Resources */ = {isa = PBXBuildFile; fileRef = C4FC140F1C65BB8C00669521 /* Main.storyboard */; };
		C4FC14131C65BB8C00669521 /* Assets.xcassets in Resources */ = {isa = PBXBuildFile; fileRef = C4FC14121C65BB8C00669521 /* Assets.xcassets */; };
		C4FC14161C65BB8C00669521 /* LaunchScreen.storyboard in Resources */ = {isa = PBXBuildFile; fileRef = C4FC14141C65BB8C00669521 /* LaunchScreen.storyboard */; };
		C4FC14211C65BB8C00669521 /* WordWolfPlotTests.swift in Sources */ = {isa = PBXBuildFile; fileRef = C4FC14201C65BB8C00669521 /* WordWolfPlotTests.swift */; };
		C4FC142C1C65BB8C00669521 /* WordWolfPlotUITests.swift in Sources */ = {isa = PBXBuildFile; fileRef = C4FC142B1C65BB8C00669521 /* WordWolfPlotUITests.swift */; };
/* End PBXBuildFile section */

/* Begin PBXContainerItemProxy section */
		C4FC141D1C65BB8C00669521 /* PBXContainerItemProxy */ = {
			isa = PBXContainerItemProxy;
			containerPortal = C4FC14001C65BB8C00669521 /* Project object */;
			proxyType = 1;
			remoteGlobalIDString = C4FC14071C65BB8C00669521;
			remoteInfo = WordWolfPlot;
		};
		C4FC14281C65BB8C00669521 /* PBXContainerItemProxy */ = {
			isa = PBXContainerItemProxy;
			containerPortal = C4FC14001C65BB8C00669521 /* Project object */;
			proxyType = 1;
			remoteGlobalIDString = C4FC14071C65BB8C00669521;
			remoteInfo = WordWolfPlot;
		};
/* End PBXContainerItemProxy section */

/* Begin PBXFileReference section */
		C4FC14081C65BB8C00669521 /* WordWolfPlot.app */ = {isa = PBXFileReference; explicitFileType = wrapper.application; includeInIndex = 0; path = WordWolfPlot.app; sourceTree = BUILT_PRODUCTS_DIR; };
		C4FC140B1C65BB8C00669521 /* AppDelegate.swift */ = {isa = PBXFileReference; lastKnownFileType = sourcecode.swift; path = AppDelegate.swift; sourceTree = "<group>"; };
		C4FC140D1C65BB8C00669521 /* ViewController.swift */ = {isa = PBXFileReference; lastKnownFileType = sourcecode.swift; path = ViewController.swift; sourceTree = "<group>"; };
		C4FC14101C65BB8C00669521 /* Base */ = {isa = PBXFileReference; lastKnownFileType = file.storyboard; name = Base; path = Base.lproj/Main.storyboard; sourceTree = "<group>"; };
		C4FC14121C65BB8C00669521 /* Assets.xcassets */ = {isa = PBXFileReference; lastKnownFileType = folder.assetcatalog; path = Assets.xcassets; sourceTree = "<group>"; };
		C4FC14151C65BB8C00669521 /* Base */ = {isa = PBXFileReference; lastKnownFileType = file.storyboard; name = Base; path = Base.lproj/LaunchScreen.storyboard; sourceTree = "<group>"; };
		C4FC14171C65BB8C00669521 /* Info.plist */ = {isa = PBXFileReference; lastKnownFileType = text.plist.xml; path = Info.plist; sourceTree = "<group>"; };
		C4FC141C1C65BB8C00669521 /* WordWolfPlotTests.xctest */ = {isa = PBXFileReference; explicitFileType = wrapper.cfbundle; includeInIndex = 0; path = WordWolfPlotTests.xctest; sourceTree = BUILT_PRODUCTS_DIR; };
		C4FC14201C65BB8C00669521 /* WordWolfPlotTests.swift */ = {isa = PBXFileReference; lastKnownFileType = sourcecode.swift; path = WordWolfPlotTests.swift; sourceTree = "<group>"; };
		C4FC14221C65BB8C00669521 /* Info.plist */ = {isa = PBXFileReference; lastKnownFileType = text.plist.xml; path = Info.plist; sourceTree = "<group>"; };
		C4FC14271C65BB8C00669521 /* WordWolfPlotUITests.xctest */ = {isa = PBXFileReference; explicitFileType = wrapper.cfbundle; includeInIndex = 0; path = WordWolfPlotUITests.xctest; sourceTree = BUILT_PRODUCTS_DIR; };
		C4FC142B1C65BB8C00669521 /* WordWolfPlotUITests.swift */ = {isa = PBXFileReference; lastKnownFileType = sourcecode.swift; path = WordWolfPlotUITests.swift; sourceTree = "<group>"; };
		C4FC142D1C65BB8C00669521 /* Info.plist */ = {isa = PBXFileReference; lastKnownFileType = text.plist.xml; path = Info.plist; sourceTree = "<group>"; };
/* End PBXFileReference section */

/* Begin PBXFrameworksBuildPhase section */
		C4FC14051C65BB8C00669521 /* Frameworks */ = {
			isa = PBXFrameworksBuildPhase;
			buildActionMask = 2147483647;
			files = (
			);
			runOnlyForDeploymentPostprocessing = 0;
		};
		C4FC14191C65BB8C00669521 /* Frameworks */ = {
			isa = PBXFrameworksBuildPhase;
			buildActionMask = 2147483647;
			files = (
			);
			runOnlyForDeploymentPostprocessing = 0;
		};
		C4FC14241C65BB8C00669521 /* Frameworks */ = {
			isa = PBXFrameworksBuildPhase;
			buildActionMask = 2147483647;
			files = (
			);
			runOnlyForDeploymentPostprocessing = 0;
		};
/* End PBXFrameworksBuildPhase section */

/* Begin PBXGroup section */
		C4FC13FF1C65BB8C00669521 = {
			isa = PBXGroup;
			children = (
				C4FC140A1C65BB8C00669521 /* WordWolfPlot */,
				C4FC141F1C65BB8C00669521 /* WordWolfPlotTests */,
				C4FC142A1C65BB8C00669521 /* WordWolfPlotUITests */,
				C4FC14091C65BB8C00669521 /* Products */,
			);
			sourceTree = "<group>";
		};
		C4FC14091C65BB8C00669521 /* Products */ = {
			isa = PBXGroup;
			children = (
				C4FC14081C65BB8C00669521 /* WordWolfPlot.app */,
				C4FC141C1C65BB8C00669521 /* WordWolfPlotTests.xctest */,
				C4FC14271C65BB8C00669521 /* WordWolfPlotUITests.xctest */,
			);
			name = Products;
			sourceTree = "<group>";
		};
		C4FC140A1C65BB8C00669521 /* WordWolfPlot */ = {
			isa = PBXGroup;
			children = (
				C4FC140B1C65BB8C00669521 /* AppDelegate.swift */,
				C4FC140D1C65BB8C00669521 /* ViewController.swift */,
				C4FC140F1C65BB8C00669521 /* Main.storyboard */,
				C4FC14121C65BB8C00669521 /* Assets.xcassets */,
				C4FC14141C65BB8C00669521 /* LaunchScreen.storyboard */,
				C4FC14171C65BB8C00669521 /* Info.plist */,
			);
			path = WordWolfPlot;
			sourceTree = "<group>";
		};
		C4FC141F1C65BB8C00669521 /* WordWolfPlotTests */ = {
			isa = PBXGroup;
			children = (
				C4FC14201C65BB8C00669521 /* WordWolfPlotTests.swift */,
				C4FC14221C65BB8C00669521 /* Info.plist */,
			);
			path = WordWolfPlotTests;
			sourceTree = "<group>";
		};
		C4FC142A1C65BB8C00669521 /* WordWolfPlotUITests */ = {
			isa = PBXGroup;
			children = (
				C4FC142B1C65BB8C00669521 /* WordWolfPlotUITests.swift */,
				C4FC142D1C65BB8C00669521 /* Info.plist */,
			);
			path = WordWolfPlotUITests;
			sourceTree = "<group>";
		};
/* End PBXGroup section */

/* Begin PBXNativeTarget section */
		C4FC14071C65BB8C00669521 /* WordWolfPlot */ = {
			isa = PBXNativeTarget;
			buildConfigurationList = C4FC14301C65BB8C00669521 /* Build configuration list for PBXNativeTarget "WordWolfPlot" */;
			buildPhases = (
				C4FC14041C65BB8C00669521 /* Sources */,
				C4FC14051C65BB8C00669521 /* Frameworks */,
				C4FC14061C65BB8C00669521 /* Resources */,
			);
			buildRules = (
			);
			dependencies = (
			);
			name = WordWolfPlot;
			productName = WordWolfPlot;
			productReference = C4FC14081C65BB8C00669521 /* WordWolfPlot.app */;
			productType = "com.apple.product-type.application";
		};
		C4FC141B1C65BB8C00669521 /* WordWolfPlotTests */ = {
			isa = PBXNativeTarget;
			buildConfigurationList = C4FC14331C65BB8C00669521 /* Build configuration list for PBXNativeTarget "WordWolfPlotTests" */;
			buildPhases = (
				C4FC14181C65BB8C00669521 /* Sources */,
				C4FC14191C65BB8C00669521 /* Frameworks */,
				C4FC141A1C65BB8C00669521 /* Resources */,
			);
			buildRules = (
			);
			dependencies = (
				C4FC141E1C65BB8C00669521 /* PBXTargetDependency */,
			);
			name = WordWolfPlotTests;
			productName = WordWolfPlotTests;
			productReference = C4FC141C1C65BB8C00669521 /* WordWolfPlotTests.xctest */;
			productType = "com.apple.product-type.bundle.unit-test";
		};
		C4FC14261C65BB8C00669521 /* WordWolfPlotUITests */ = {
			isa = PBXNativeTarget;
			buildConfigurationList = C4FC14361C65BB8C00669521 /* Build configuration list for PBXNativeTarget "WordWolfPlotUITests" */;
			buildPhases = (
				C4FC14231C65BB8C00669521 /* Sources */,
				C4FC14241C65BB8C00669521 /* Frameworks */,
				C4FC14251C65BB8C00669521 /* Resources */,
			);
			buildRules = (
			);
			dependencies = (
				C4FC14291C65BB8C00669521 /* PBXTargetDependency */,
			);
			name = WordWolfPlotUITests;
			productName = WordWolfPlotUITests;
			productReference = C4FC14271C65BB8C00669521 /* WordWolfPlotUITests.xctest */;
			productType = "com.apple.product-type.bundle.ui-testing";
		};
/* End PBXNativeTarget section */

/* Begin PBXProject section */
		C4FC14001C65BB8C00669521 /* Project object */ = {
			isa = PBXProject;
			attributes = {
				LastSwiftUpdateCheck = 0720;
				LastUpgradeCheck = 0720;
				ORGANIZATIONNAME = popota;
				TargetAttributes = {
					C4FC14071C65BB8C00669521 = {
						CreatedOnToolsVersion = 7.2;
						DevelopmentTeam = 4QQHRA372Z;
					};
					C4FC141B1C65BB8C00669521 = {
						CreatedOnToolsVersion = 7.2;
						DevelopmentTeam = 4QQHRA372Z;
						TestTargetID = C4FC14071C65BB8C00669521;
					};
					C4FC14261C65BB8C00669521 = {
						CreatedOnToolsVersion = 7.2;
						DevelopmentTeam = 4QQHRA372Z;
						TestTargetID = C4FC14071C65BB8C00669521;
					};
				};
			};
			buildConfigurationList = C4FC14031C65BB8C00669521 /* Build configuration list for PBXProject "WordWolfPlot" */;
			compatibilityVersion = "Xcode 3.2";
			developmentRegion = English;
			hasScannedForEncodings = 0;
			knownRegions = (
				en,
				Base,
			);
			mainGroup = C4FC13FF1C65BB8C00669521;
			productRefGroup = C4FC14091C65BB8C00669521 /* Products */;
			projectDirPath = "";
			projectRoot = "";
			targets = (
				C4FC14071C65BB8C00669521 /* WordWolfPlot */,
				C4FC141B1C65BB8C00669521 /* WordWolfPlotTests */,
				C4FC14261C65BB8C00669521 /* WordWolfPlotUITests */,
			);
		};
/* End PBXProject section */

/* Begin PBXResourcesBuildPhase section */
		C4FC14061C65BB8C00669521 /* Resources */ = {
			isa = PBXResourcesBuildPhase;
			buildActionMask = 2147483647;
			files = (
				C4FC14161C65BB8C00669521 /* LaunchScreen.storyboard in Resources */,
				C4FC14131C65BB8C00669521 /* Assets.xcassets in Resources */,
				C4FC14111C65BB8C00669521 /* Main.storyboard in Resources */,
			);
			runOnlyForDeploymentPostprocessing = 0;
		};
		C4FC141A1C65BB8C00669521 /* Resources */ = {
			isa = PBXResourcesBuildPhase;
			buildActionMask = 2147483647;
			files = (
			);
			runOnlyForDeploymentPostprocessing = 0;
		};
		C4FC14251C65BB8C00669521 /* Resources */ = {
			isa = PBXResourcesBuildPhase;
			buildActionMask = 2147483647;
			files = (
			);
			runOnlyForDeploymentPostprocessing = 0;
		};
/* End PBXResourcesBuildPhase section */

/* Begin PBXSourcesBuildPhase section */
		C4FC14041C65BB8C00669521 /* Sources */ = {
			isa = PBXSourcesBuildPhase;
			buildActionMask = 2147483647;
			files = (
				C4FC140E1C65BB8C00669521 /* ViewController.swift in Sources */,
				C4FC140C1C65BB8C00669521 /* AppDelegate.swift in Sources */,
			);
			runOnlyForDeploymentPostprocessing = 0;
		};
		C4FC14181C65BB8C00669521 /* Sources */ = {
			isa = PBXSourcesBuildPhase;
			buildActionMask = 2147483647;
			files = (
				C4FC14211C65BB8C00669521 /* WordWolfPlotTests.swift in Sources */,
			);
			runOnlyForDeploymentPostprocessing = 0;
		};
		C4FC14231C65BB8C00669521 /* Sources */ = {
			isa = PBXSourcesBuildPhase;
			buildActionMask = 2147483647;
			files = (
				C4FC142C1C65BB8C00669521 /* WordWolfPlotUITests.swift in Sources */,
			);
			runOnlyForDeploymentPostprocessing = 0;
		};
/* End PBXSourcesBuildPhase section */

/* Begin PBXTargetDependency section */
		C4FC141E1C65BB8C00669521 /* PBXTargetDependency */ = {
			isa = PBXTargetDependency;
			target = C4FC14071C65BB8C00669521 /* WordWolfPlot */;
			targetProxy = C4FC141D1C65BB8C00669521 /* PBXContainerItemProxy */;
		};
		C4FC14291C65BB8C00669521 /* PBXTargetDependency */ = {
			isa = PBXTargetDependency;
			target = C4FC14071C65BB8C00669521 /* WordWolfPlot */;
			targetProxy = C4FC14281C65BB8C00669521 /* PBXContainerItemProxy */;
		};
/* End PBXTargetDependency section */

/* Begin PBXVariantGroup section */
		C4FC140F1C65BB8C00669521 /* Main.storyboard */ = {
			isa = PBXVariantGroup;
			children = (
				C4FC14101C65BB8C00669521 /* Base */,
			);
			name = Main.storyboard;
			sourceTree = "<group>";
		};
		C4FC14141C65BB8C00669521 /* LaunchScreen.storyboard */ = {
			isa = PBXVariantGroup;
			children = (
				C4FC14151C65BB8C00669521 /* Base */,
			);
			name = LaunchScreen.storyboard;
			sourceTree = "<group>";
		};
/* End PBXVariantGroup section */

/* Begin XCBuildConfiguration section */
		C4FC142E1C65BB8C00669521 /* Debug */ = {
			isa = XCBuildConfiguration;
			buildSettings = {
				ALWAYS_SEARCH_USER_PATHS = NO;
				CLANG_CXX_LANGUAGE_STANDARD = "gnu++0x";
				CLANG_CXX_LIBRARY = "libc++";
				CLANG_ENABLE_MODULES = YES;
				CLANG_ENABLE_OBJC_ARC = YES;
				CLANG_WARN_BOOL_CONVERSION = YES;
				CLANG_WARN_CONSTANT_CONVERSION = YES;
				CLANG_WARN_DIRECT_OBJC_ISA_USAGE = YES_ERROR;
				CLANG_WARN_EMPTY_BODY = YES;
				CLANG_WARN_ENUM_CONVERSION = YES;
				CLANG_WARN_INT_CONVERSION = YES;
				CLANG_WARN_OBJC_ROOT_CLASS = YES_ERROR;
				CLANG_WARN_UNREACHABLE_CODE = YES;
				CLANG_WARN__DUPLICATE_METHOD_MATCH = YES;
				"CODE_SIGN_IDENTITY[sdk=iphoneos*]" = "iPhone Developer";
				COPY_PHASE_STRIP = NO;
				DEBUG_INFORMATION_FORMAT = dwarf;
				ENABLE_STRICT_OBJC_MSGSEND = YES;
				ENABLE_TESTABILITY = YES;
				GCC_C_LANGUAGE_STANDARD = gnu99;
				GCC_DYNAMIC_NO_PIC = NO;
				GCC_NO_COMMON_BLOCKS = YES;
				GCC_OPTIMIZATION_LEVEL = 0;
				GCC_PREPROCESSOR_DEFINITIONS = (
					"DEBUG=1",
					"$(inherited)",
				);
				GCC_WARN_64_TO_32_BIT_CONVERSION = YES;
				GCC_WARN_ABOUT_RETURN_TYPE = YES_ERROR;
				GCC_WARN_UNDECLARED_SELECTOR = YES;
				GCC_WARN_UNINITIALIZED_AUTOS = YES_AGGRESSIVE;
				GCC_WARN_UNUSED_FUNCTION = YES;
				GCC_WARN_UNUSED_VARIABLE = YES;
				IPHONEOS_DEPLOYMENT_TARGET = 9.2;
				MTL_ENABLE_DEBUG_INFO = YES;
				ONLY_ACTIVE_ARCH = YES;
				SDKROOT = iphoneos;
				SWIFT_OPTIMIZATION_LEVEL = "-Onone";
			};
			name = Debug;
		};
		C4FC142F1C65BB8C00669521 /* Release */ = {
			isa = XCBuildConfiguration;
			buildSettings = {
				ALWAYS_SEARCH_USER_PATHS = NO;
				CLANG_CXX_LANGUAGE_STANDARD = "gnu++0x";
				CLANG_CXX_LIBRARY = "libc++";
				CLANG_ENABLE_MODULES = YES;
				CLANG_ENABLE_OBJC_ARC = YES;
				CLANG_WARN_BOOL_CONVERSION = YES;
				CLANG_WARN_CONSTANT_CONVERSION = YES;
				CLANG_WARN_DIRECT_OBJC_ISA_USAGE = YES_ERROR;
				CLANG_WARN_EMPTY_BODY = YES;
				CLANG_WARN_ENUM_CONVERSION = YES;
				CLANG_WARN_INT_CONVERSION = YES;
				CLANG_WARN_OBJC_ROOT_CLASS = YES_ERROR;
				CLANG_WARN_UNREACHABLE_CODE = YES;
				CLANG_WARN__DUPLICATE_METHOD_MATCH = YES;
				"CODE_SIGN_IDENTITY[sdk=iphoneos*]" = "iPhone Developer";
				COPY_PHASE_STRIP = NO;
				DEBUG_INFORMATION_FORMAT = "dwarf-with-dsym";
				ENABLE_NS_ASSERTIONS = NO;
				ENABLE_STRICT_OBJC_MSGSEND = YES;
				GCC_C_LANGUAGE_STANDARD = gnu99;
				GCC_NO_COMMON_BLOCKS = YES;
				GCC_WARN_64_TO_32_BIT_CONVERSION = YES;
				GCC_WARN_ABOUT_RETURN_TYPE = YES_ERROR;
				GCC_WARN_UNDECLARED_SELECTOR = YES;
				GCC_WARN_UNINITIALIZED_AUTOS = YES_AGGRESSIVE;
				GCC_WARN_UNUSED_FUNCTION = YES;
				GCC_WARN_UNUSED_VARIABLE = YES;
				IPHONEOS_DEPLOYMENT_TARGET = 9.2;
				MTL_ENABLE_DEBUG_INFO = NO;
				SDKROOT = iphoneos;
				VALIDATE_PRODUCT = YES;
			};
			name = Release;
		};
		C4FC14311C65BB8C00669521 /* Debug */ = {
			isa = XCBuildConfiguration;
			buildSettings = {
				ASSETCATALOG_COMPILER_APPICON_NAME = AppIcon;
				INFOPLIST_FILE = WordWolfPlot/Info.plist;
				LD_RUNPATH_SEARCH_PATHS = "$(inherited) @executable_path/Frameworks";
				PRODUCT_BUNDLE_IDENTIFIER = jp.co.popota.WordWolfPlot;
				PRODUCT_NAME = "$(TARGET_NAME)";
			};
			name = Debug;
		};
		C4FC14321C65BB8C00669521 /* Release */ = {
			isa = XCBuildConfiguration;
			buildSettings = {
				ASSETCATALOG_COMPILER_APPICON_NAME = AppIcon;
				INFOPLIST_FILE = WordWolfPlot/Info.plist;
				LD_RUNPATH_SEARCH_PATHS = "$(inherited) @executable_path/Frameworks";
				PRODUCT_BUNDLE_IDENTIFIER = jp.co.popota.WordWolfPlot;
				PRODUCT_NAME = "$(TARGET_NAME)";
			};
			name = Release;
		};
		C4FC14341C65BB8C00669521 /* Debug */ = {
			isa = XCBuildConfiguration;
			buildSettings = {
				BUNDLE_LOADER = "$(TEST_HOST)";
				INFOPLIST_FILE = WordWolfPlotTests/Info.plist;
				LD_RUNPATH_SEARCH_PATHS = "$(inherited) @executable_path/Frameworks @loader_path/Frameworks";
				PRODUCT_BUNDLE_IDENTIFIER = jp.co.popota.WordWolfPlotTests;
				PRODUCT_NAME = "$(TARGET_NAME)";
				TEST_HOST = "$(BUILT_PRODUCTS_DIR)/WordWolfPlot.app/WordWolfPlot";
			};
			name = Debug;
		};
		C4FC14351C65BB8C00669521 /* Release */ = {
			isa = XCBuildConfiguration;
			buildSettings = {
				BUNDLE_LOADER = "$(TEST_HOST)";
				INFOPLIST_FILE = WordWolfPlotTests/Info.plist;
				LD_RUNPATH_SEARCH_PATHS = "$(inherited) @executable_path/Frameworks @loader_path/Frameworks";
				PRODUCT_BUNDLE_IDENTIFIER = jp.co.popota.WordWolfPlotTests;
				PRODUCT_NAME = "$(TARGET_NAME)";
				TEST_HOST = "$(BUILT_PRODUCTS_DIR)/WordWolfPlot.app/WordWolfPlot";
			};
			name = Release;
		};
		C4FC14371C65BB8C00669521 /* Debug */ = {
			isa = XCBuildConfiguration;
			buildSettings = {
				INFOPLIST_FILE = WordWolfPlotUITests/Info.plist;
				LD_RUNPATH_SEARCH_PATHS = "$(inherited) @executable_path/Frameworks @loader_path/Frameworks";
				PRODUCT_BUNDLE_IDENTIFIER = jp.co.popota.WordWolfPlotUITests;
				PRODUCT_NAME = "$(TARGET_NAME)";
				TEST_TARGET_NAME = WordWolfPlot;
				USES_XCTRUNNER = YES;
			};
			name = Debug;
		};
		C4FC14381C65BB8C00669521 /* Release */ = {
			isa = XCBuildConfiguration;
			buildSettings = {
				INFOPLIST_FILE = WordWolfPlotUITests/Info.plist;
				LD_RUNPATH_SEARCH_PATHS = "$(inherited) @executable_path/Frameworks @loader_path/Frameworks";
				PRODUCT_BUNDLE_IDENTIFIER = jp.co.popota.WordWolfPlotUITests;
				PRODUCT_NAME = "$(TARGET_NAME)";
				TEST_TARGET_NAME = WordWolfPlot;
				USES_XCTRUNNER = YES;
			};
			name = Release;
		};
/* End XCBuildConfiguration section */

/* Begin XCConfigurationList section */
		C4FC14031C65BB8C00669521 /* Build configuration list for PBXProject "WordWolfPlot" */ = {
			isa = XCConfigurationList;
			buildConfigurations = (
				C4FC142E1C65BB8C00669521 /* Debug */,
				C4FC142F1C65BB8C00669521 /* Release */,
			);
			defaultConfigurationIsVisible = 0;
			defaultConfigurationName = Release;
		};
		C4FC14301C65BB8C00669521 /* Build configuration list for PBXNativeTarget "WordWolfPlot" */ = {
			isa = XCConfigurationList;
			buildConfigurations = (
				C4FC14311C65BB8C00669521 /* Debug */,
				C4FC14321C65BB8C00669521 /* Release */,
			);
			defaultConfigurationIsVisible = 0;
		};
		C4FC14331C65BB8C00669521 /* Build configuration list for PBXNativeTarget "WordWolfPlotTests" */ = {
			isa = XCConfigurationList;
			buildConfigurations = (
				C4FC14341C65BB8C00669521 /* Debug */,
				C4FC14351C65BB8C00669521 /* Release */,
			);
			defaultConfigurationIsVisible = 0;
		};
		C4FC14361C65BB8C00669521 /* Build configuration list for PBXNativeTarget "WordWolfPlotUITests" */ = {
			isa = XCConfigurationList;
			buildConfigurations = (
				C4FC14371C65BB8C00669521 /* Debug */,
				C4FC14381C65BB8C00669521 /* Release */,
			);
			defaultConfigurationIsVisible = 0;
		};
/* End XCConfigurationList section */
	};
	rootObject = C4FC14001C65BB8C00669521 /* Project object */;
}
